
Microsoft Visual Studio Solution File, Format Version 12.00
# Visual Studio 2012
Project("{FAE04EC0-301F-11D3-BF4B-00C04F79EFBC}") = "BootstrapCore", "BootstrapCore\BootstrapCore.csproj", "{98B5E4F5-C984-4829-8029-E013F602426D}"
EndProject
Project("{FAE04EC0-301F-11D3-BF4B-00C04F79EFBC}") = "Tests", "Tests\Tests.csproj", "{F99C0635-841B-4BA5-98BC-F3567CB4A742}"
EndProject
Global
	GlobalSection(SolutionConfigurationPlatforms) = preSolution
		Debug|Any CPU = Debug|Any CPU
		Release|Any CPU = Release|Any CPU
	EndGlobalSection
	GlobalSection(ProjectConfigurationPlatforms) = postSolution
		{98B5E4F5-C984-4829-8029-E013F602426D}.Debug|Any CPU.ActiveCfg = Debug|Any CPU
		{98B5E4F5-C984-4829-8029-E013F602426D}.Debug|Any CPU.Build.0 = Debug|Any CPU
		{98B5E4F5-C984-4829-8029-E013F602426D}.Release|Any CPU.ActiveCfg = Release|Any CPU
		{98B5E4F5-C984-4829-8029-E013F602426D}.Release|Any CPU.Build.0 = Release|Any CPU
		{F99C0635-841B-4BA5-98BC-F3567CB4A742}.Debug|Any CPU.ActiveCfg = Debug|Any CPU
		{F99C0635-841B-4BA5-98BC-F3567CB4A742}.Debug|Any CPU.Build.0 = Debug|Any CPU
		{F99C0635-841B-4BA5-98BC-F3567CB4A742}.Release|Any CPU.ActiveCfg = Release|Any CPU
		{F99C0635-841B-4BA5-98BC-F3567CB4A742}.Release|Any CPU.Build.0 = Release|Any CPU
	EndGlobalSection
EndGlobal
